// !$*UTF8*$!
{
	archiveVersion = 1;
	classes = {
	};
	objectVersion = 56;
	objects = {

/* Begin PBXBuildFile section */
		634CF6F92A49F29100FBF4D4 /* DermaGuardApp.swift in Sources */ = {isa = PBXBuildFile; fileRef = 634CF6F82A49F29100FBF4D4 /* DermaGuardApp.swift */; };
		634CF6FB2A49F29100FBF4D4 /* ContentView.swift in Sources */ = {isa = PBXBuildFile; fileRef = 634CF6FA2A49F29100FBF4D4 /* ContentView.swift */; };
		634CF6FD2A49F29200FBF4D4 /* Assets.xcassets in Resources */ = {isa = PBXBuildFile; fileRef = 634CF6FC2A49F29200FBF4D4 /* Assets.xcassets */; };
		634CF7002A49F29200FBF4D4 /* Preview Assets.xcassets in Resources */ = {isa = PBXBuildFile; fileRef = 634CF6FF2A49F29200FBF4D4 /* Preview Assets.xcassets */; };
		634CF70A2A49F29300FBF4D4 /* DermaGuardTests.swift in Sources */ = {isa = PBXBuildFile; fileRef = 634CF7092A49F29300FBF4D4 /* DermaGuardTests.swift */; };
		634CF7142A49F29300FBF4D4 /* DermaGuardUITests.swift in Sources */ = {isa = PBXBuildFile; fileRef = 634CF7132A49F29300FBF4D4 /* DermaGuardUITests.swift */; };
		634CF7162A49F29300FBF4D4 /* DermaGuardUITestsLaunchTests.swift in Sources */ = {isa = PBXBuildFile; fileRef = 634CF7152A49F29300FBF4D4 /* DermaGuardUITestsLaunchTests.swift */; };
		634CF7232A49F2CC00FBF4D4 /* score.py in Resources */ = {isa = PBXBuildFile; fileRef = 634CF7222A49F2CB00FBF4D4 /* score.py */; };
		634CF7262A49F31000FBF4D4 /* PythonKit in Frameworks */ = {isa = PBXBuildFile; productRef = 634CF7252A49F31000FBF4D4 /* PythonKit */; };
		636163D92A4C6F79008CDB1E /* GoogleService-Info.plist in Resources */ = {isa = PBXBuildFile; fileRef = 636163D82A4C6F79008CDB1E /* GoogleService-Info.plist */; };
/* End PBXBuildFile section */

/* Begin PBXContainerItemProxy section */
		634CF7062A49F29300FBF4D4 /* PBXContainerItemProxy */ = {
			isa = PBXContainerItemProxy;
			containerPortal = 634CF6ED2A49F29100FBF4D4 /* Project object */;
			proxyType = 1;
			remoteGlobalIDString = 634CF6F42A49F29100FBF4D4;
			remoteInfo = DermaGuard;
		};
		634CF7102A49F29300FBF4D4 /* PBXContainerItemProxy */ = {
			isa = PBXContainerItemProxy;
			containerPortal = 634CF6ED2A49F29100FBF4D4 /* Project object */;
			proxyType = 1;
			remoteGlobalIDString = 634CF6F42A49F29100FBF4D4;
			remoteInfo = DermaGuard;
		};
/* End PBXContainerItemProxy section */

/* Begin PBXFileReference section */
		634CF6F52A49F29100FBF4D4 /* DermaGuard.app */ = {isa = PBXFileReference; explicitFileType = wrapper.application; includeInIndex = 0; path = DermaGuard.app; sourceTree = BUILT_PRODUCTS_DIR; };
		634CF6F82A49F29100FBF4D4 /* DermaGuardApp.swift */ = {isa = PBXFileReference; lastKnownFileType = sourcecode.swift; path = DermaGuardApp.swift; sourceTree = "<group>"; };
		634CF6FA2A49F29100FBF4D4 /* ContentView.swift */ = {isa = PBXFileReference; lastKnownFileType = sourcecode.swift; path = ContentView.swift; sourceTree = "<group>"; };
		634CF6FC2A49F29200FBF4D4 /* Assets.xcassets */ = {isa = PBXFileReference; lastKnownFileType = folder.assetcatalog; path = Assets.xcassets; sourceTree = "<group>"; };
		634CF6FF2A49F29200FBF4D4 /* Preview Assets.xcassets */ = {isa = PBXFileReference; lastKnownFileType = folder.assetcatalog; path = "Preview Assets.xcassets"; sourceTree = "<group>"; };
		634CF7052A49F29300FBF4D4 /* DermaGuardTests.xctest */ = {isa = PBXFileReference; explicitFileType = wrapper.cfbundle; includeInIndex = 0; path = DermaGuardTests.xctest; sourceTree = BUILT_PRODUCTS_DIR; };
		634CF7092A49F29300FBF4D4 /* DermaGuardTests.swift */ = {isa = PBXFileReference; lastKnownFileType = sourcecode.swift; path = DermaGuardTests.swift; sourceTree = "<group>"; };
		634CF70F2A49F29300FBF4D4 /* DermaGuardUITests.xctest */ = {isa = PBXFileReference; explicitFileType = wrapper.cfbundle; includeInIndex = 0; path = DermaGuardUITests.xctest; sourceTree = BUILT_PRODUCTS_DIR; };
		634CF7132A49F29300FBF4D4 /* DermaGuardUITests.swift */ = {isa = PBXFileReference; lastKnownFileType = sourcecode.swift; path = DermaGuardUITests.swift; sourceTree = "<group>"; };
		634CF7152A49F29300FBF4D4 /* DermaGuardUITestsLaunchTests.swift */ = {isa = PBXFileReference; lastKnownFileType = sourcecode.swift; path = DermaGuardUITestsLaunchTests.swift; sourceTree = "<group>"; };
		634CF7222A49F2CB00FBF4D4 /* score.py */ = {isa = PBXFileReference; fileEncoding = 4; lastKnownFileType = text.script.python; path = score.py; sourceTree = "<group>"; };
		636163D82A4C6F79008CDB1E /* GoogleService-Info.plist */ = {isa = PBXFileReference; fileEncoding = 4; lastKnownFileType = text.plist.xml; path = "GoogleService-Info.plist"; sourceTree = "<group>"; };
		63B329F02A4DC285006F97F9 /* Info.plist */ = {isa = PBXFileReference; lastKnownFileType = text.plist; path = Info.plist; sourceTree = "<group>"; };
/* End PBXFileReference section */

/* Begin PBXFrameworksBuildPhase section */
		634CF6F22A49F29100FBF4D4 /* Frameworks */ = {
			isa = PBXFrameworksBuildPhase;
			buildActionMask = 2147483647;
			files = (
				634CF7262A49F31000FBF4D4 /* PythonKit in Frameworks */,
			);
			runOnlyForDeploymentPostprocessing = 0;
		};
		634CF7022A49F29300FBF4D4 /* Frameworks */ = {
			isa = PBXFrameworksBuildPhase;
			buildActionMask = 2147483647;
			files = (
			);
			runOnlyForDeploymentPostprocessing = 0;
		};
		634CF70C2A49F29300FBF4D4 /* Frameworks */ = {
			isa = PBXFrameworksBuildPhase;
			buildActionMask = 2147483647;
			files = (
			);
			runOnlyForDeploymentPostprocessing = 0;
		};
/* End PBXFrameworksBuildPhase section */

/* Begin PBXGroup section */
		634CF6EC2A49F29100FBF4D4 = {
			isa = PBXGroup;
			children = (
				634CF6F72A49F29100FBF4D4 /* DermaGuard */,
				634CF7082A49F29300FBF4D4 /* DermaGuardTests */,
				634CF7122A49F29300FBF4D4 /* DermaGuardUITests */,
				634CF6F62A49F29100FBF4D4 /* Products */,
			);
			sourceTree = "<group>";
		};
		634CF6F62A49F29100FBF4D4 /* Products */ = {
			isa = PBXGroup;
			children = (
				634CF6F52A49F29100FBF4D4 /* DermaGuard.app */,
				634CF7052A49F29300FBF4D4 /* DermaGuardTests.xctest */,
				634CF70F2A49F29300FBF4D4 /* DermaGuardUITests.xctest */,
			);
			name = Products;
			sourceTree = "<group>";
		};
		634CF6F72A49F29100FBF4D4 /* DermaGuard */ = {
			isa = PBXGroup;
			children = (
				63B329F02A4DC285006F97F9 /* Info.plist */,
				634CF7222A49F2CB00FBF4D4 /* score.py */,
				634CF6F82A49F29100FBF4D4 /* DermaGuardApp.swift */,
				634CF6FA2A49F29100FBF4D4 /* ContentView.swift */,
				634CF6FC2A49F29200FBF4D4 /* Assets.xcassets */,
				636163D82A4C6F79008CDB1E /* GoogleService-Info.plist */,
				634CF6FE2A49F29200FBF4D4 /* Preview Content */,
			);
			path = DermaGuard;
			sourceTree = "<group>";
		};
		634CF6FE2A49F29200FBF4D4 /* Preview Content */ = {
			isa = PBXGroup;
			children = (
				634CF6FF2A49F29200FBF4D4 /* Preview Assets.xcassets */,
			);
			path = "Preview Content";
			sourceTree = "<group>";
		};
		634CF7082A49F29300FBF4D4 /* DermaGuardTests */ = {
			isa = PBXGroup;
			children = (
				634CF7092A49F29300FBF4D4 /* DermaGuardTests.swift */,
			);
			path = DermaGuardTests;
			sourceTree = "<group>";
		};
		634CF7122A49F29300FBF4D4 /* DermaGuardUITests */ = {
			isa = PBXGroup;
			children = (
				634CF7132A49F29300FBF4D4 /* DermaGuardUITests.swift */,
				634CF7152A49F29300FBF4D4 /* DermaGuardUITestsLaunchTests.swift */,
			);
			path = DermaGuardUITests;
			sourceTree = "<group>";
		};
/* End PBXGroup section */

/* Begin PBXNativeTarget section */
		634CF6F42A49F29100FBF4D4 /* DermaGuard */ = {
			isa = PBXNativeTarget;
			buildConfigurationList = 634CF7192A49F29300FBF4D4 /* Build configuration list for PBXNativeTarget "DermaGuard" */;
			buildPhases = (
				634CF6F12A49F29100FBF4D4 /* Sources */,
				634CF6F22A49F29100FBF4D4 /* Frameworks */,
				634CF6F32A49F29100FBF4D4 /* Resources */,
			);
			buildRules = (
			);
			dependencies = (
			);
			name = DermaGuard;
			packageProductDependencies = (
				634CF7252A49F31000FBF4D4 /* PythonKit */,
			);
			productName = DermaGuard;
			productReference = 634CF6F52A49F29100FBF4D4 /* DermaGuard.app */;
			productType = "com.apple.product-type.application";
		};
		634CF7042A49F29300FBF4D4 /* DermaGuardTests */ = {
			isa = PBXNativeTarget;
			buildConfigurationList = 634CF71C2A49F29300FBF4D4 /* Build configuration list for PBXNativeTarget "DermaGuardTests" */;
			buildPhases = (
				634CF7012A49F29300FBF4D4 /* Sources */,
				634CF7022A49F29300FBF4D4 /* Frameworks */,
				634CF7032A49F29300FBF4D4 /* Resources */,
			);
			buildRules = (
			);
			dependencies = (
				634CF7072A49F29300FBF4D4 /* PBXTargetDependency */,
			);
			name = DermaGuardTests;
			productName = DermaGuardTests;
			productReference = 634CF7052A49F29300FBF4D4 /* DermaGuardTests.xctest */;
			productType = "com.apple.product-type.bundle.unit-test";
		};
		634CF70E2A49F29300FBF4D4 /* DermaGuardUITests */ = {
			isa = PBXNativeTarget;
			buildConfigurationList = 634CF71F2A49F29300FBF4D4 /* Build configuration list for PBXNativeTarget "DermaGuardUITests" */;
			buildPhases = (
				634CF70B2A49F29300FBF4D4 /* Sources */,
				634CF70C2A49F29300FBF4D4 /* Frameworks */,
				634CF70D2A49F29300FBF4D4 /* Resources */,
			);
			buildRules = (
			);
			dependencies = (
				634CF7112A49F29300FBF4D4 /* PBXTargetDependency */,
			);
			name = DermaGuardUITests;
			productName = DermaGuardUITests;
			productReference = 634CF70F2A49F29300FBF4D4 /* DermaGuardUITests.xctest */;
			productType = "com.apple.product-type.bundle.ui-testing";
		};
/* End PBXNativeTarget section */

/* Begin PBXProject section */
		634CF6ED2A49F29100FBF4D4 /* Project object */ = {
			isa = PBXProject;
			attributes = {
				BuildIndependentTargetsInParallel = 1;
				LastSwiftUpdateCheck = 1430;
				LastUpgradeCheck = 1430;
				TargetAttributes = {
					634CF6F42A49F29100FBF4D4 = {
						CreatedOnToolsVersion = 14.3.1;
					};
					634CF7042A49F29300FBF4D4 = {
						CreatedOnToolsVersion = 14.3.1;
						TestTargetID = 634CF6F42A49F29100FBF4D4;
					};
					634CF70E2A49F29300FBF4D4 = {
						CreatedOnToolsVersion = 14.3.1;
						TestTargetID = 634CF6F42A49F29100FBF4D4;
					};
				};
			};
			buildConfigurationList = 634CF6F02A49F29100FBF4D4 /* Build configuration list for PBXProject "DermaGuard" */;
			compatibilityVersion = "Xcode 14.0";
			developmentRegion = en;
			hasScannedForEncodings = 0;
			knownRegions = (
				en,
				Base,
			);
			mainGroup = 634CF6EC2A49F29100FBF4D4;
			packageReferences = (
				634CF7242A49F31000FBF4D4 /* XCRemoteSwiftPackageReference "PythonKit" */,
			);
			productRefGroup = 634CF6F62A49F29100FBF4D4 /* Products */;
			projectDirPath = "";
			projectRoot = "";
			targets = (
				634CF6F42A49F29100FBF4D4 /* DermaGuard */,
				634CF7042A49F29300FBF4D4 /* DermaGuardTests */,
				634CF70E2A49F29300FBF4D4 /* DermaGuardUITests */,
			);
		};
/* End PBXProject section */

/* Begin PBXResourcesBuildPhase section */
		634CF6F32A49F29100FBF4D4 /* Resources */ = {
			isa = PBXResourcesBuildPhase;
			buildActionMask = 2147483647;
			files = (
				634CF7002A49F29200FBF4D4 /* Preview Assets.xcassets in Resources */,
				636163D92A4C6F79008CDB1E /* GoogleService-Info.plist in Resources */,
				634CF6FD2A49F29200FBF4D4 /* Assets.xcassets in Resources */,
				634CF7232A49F2CC00FBF4D4 /* score.py in Resources */,
			);
			runOnlyForDeploymentPostprocessing = 0;
		};
		634CF7032A49F29300FBF4D4 /* Resources */ = {
			isa = PBXResourcesBuildPhase;
			buildActionMask = 2147483647;
			files = (
			);
			runOnlyForDeploymentPostprocessing = 0;
		};
		634CF70D2A49F29300FBF4D4 /* Resources */ = {
			isa = PBXResourcesBuildPhase;
			buildActionMask = 2147483647;
			files = (
			);
			runOnlyForDeploymentPostprocessing = 0;
		};
/* End PBXResourcesBuildPhase section */

/* Begin PBXSourcesBuildPhase section */
		634CF6F12A49F29100FBF4D4 /* Sources */ = {
			isa = PBXSourcesBuildPhase;
			buildActionMask = 2147483647;
			files = (
				634CF6FB2A49F29100FBF4D4 /* ContentView.swift in Sources */,
				634CF6F92A49F29100FBF4D4 /* DermaGuardApp.swift in Sources */,
			);
			runOnlyForDeploymentPostprocessing = 0;
		};
		634CF7012A49F29300FBF4D4 /* Sources */ = {
			isa = PBXSourcesBuildPhase;
			buildActionMask = 2147483647;
			files = (
				634CF70A2A49F29300FBF4D4 /* DermaGuardTests.swift in Sources */,
			);
			runOnlyForDeploymentPostprocessing = 0;
		};
		634CF70B2A49F29300FBF4D4 /* Sources */ = {
			isa = PBXSourcesBuildPhase;
			buildActionMask = 2147483647;
			files = (
				634CF7162A49F29300FBF4D4 /* DermaGuardUITestsLaunchTests.swift in Sources */,
				634CF7142A49F29300FBF4D4 /* DermaGuardUITests.swift in Sources */,
			);
			runOnlyForDeploymentPostprocessing = 0;
		};
/* End PBXSourcesBuildPhase section */

/* Begin PBXTargetDependency section */
		634CF7072A49F29300FBF4D4 /* PBXTargetDependency */ = {
			isa = PBXTargetDependency;
			target = 634CF6F42A49F29100FBF4D4 /* DermaGuard */;
			targetProxy = 634CF7062A49F29300FBF4D4 /* PBXContainerItemProxy */;
		};
		634CF7112A49F29300FBF4D4 /* PBXTargetDependency */ = {
			isa = PBXTargetDependency;
			target = 634CF6F42A49F29100FBF4D4 /* DermaGuard */;
			targetProxy = 634CF7102A49F29300FBF4D4 /* PBXContainerItemProxy */;
		};
/* End PBXTargetDependency section */

/* Begin XCBuildConfiguration section */
		634CF7172A49F29300FBF4D4 /* Debug */ = {
			isa = XCBuildConfiguration;
			buildSettings = {
				ALWAYS_SEARCH_USER_PATHS = NO;
				CLANG_ANALYZER_NONNULL = YES;
				CLANG_ANALYZER_NUMBER_OBJECT_CONVERSION = YES_AGGRESSIVE;
				CLANG_CXX_LANGUAGE_STANDARD = "gnu++20";
				CLANG_ENABLE_MODULES = YES;
				CLANG_ENABLE_OBJC_ARC = YES;
				CLANG_ENABLE_OBJC_WEAK = YES;
				CLANG_WARN_BLOCK_CAPTURE_AUTORELEASING = YES;
				CLANG_WARN_BOOL_CONVERSION = YES;
				CLANG_WARN_COMMA = YES;
				CLANG_WARN_CONSTANT_CONVERSION = YES;
				CLANG_WARN_DEPRECATED_OBJC_IMPLEMENTATIONS = YES;
				CLANG_WARN_DIRECT_OBJC_ISA_USAGE = YES_ERROR;
				CLANG_WARN_DOCUMENTATION_COMMENTS = YES;
				CLANG_WARN_EMPTY_BODY = YES;
				CLANG_WARN_ENUM_CONVERSION = YES;
				CLANG_WARN_INFINITE_RECURSION = YES;
				CLANG_WARN_INT_CONVERSION = YES;
				CLANG_WARN_NON_LITERAL_NULL_CONVERSION = YES;
				CLANG_WARN_OBJC_IMPLICIT_RETAIN_SELF = YES;
				CLANG_WARN_OBJC_LITERAL_CONVERSION = YES;
				CLANG_WARN_OBJC_ROOT_CLASS = YES_ERROR;
				CLANG_WARN_QUOTED_INCLUDE_IN_FRAMEWORK_HEADER = YES;
				CLANG_WARN_RANGE_LOOP_ANALYSIS = YES;
				CLANG_WARN_STRICT_PROTOTYPES = YES;
				CLANG_WARN_SUSPICIOUS_MOVE = YES;
				CLANG_WARN_UNGUARDED_AVAILABILITY = YES_AGGRESSIVE;
				CLANG_WARN_UNREACHABLE_CODE = YES;
				CLANG_WARN__DUPLICATE_METHOD_MATCH = YES;
				COPY_PHASE_STRIP = NO;
				DEBUG_INFORMATION_FORMAT = dwarf;
				ENABLE_STRICT_OBJC_MSGSEND = YES;
				ENABLE_TESTABILITY = YES;
				GCC_C_LANGUAGE_STANDARD = gnu11;
				GCC_DYNAMIC_NO_PIC = NO;
				GCC_NO_COMMON_BLOCKS = YES;
				GCC_OPTIMIZATION_LEVEL = 0;
				GCC_PREPROCESSOR_DEFINITIONS = (
					"DEBUG=1",
					"$(inherited)",
				);
				GCC_WARN_64_TO_32_BIT_CONVERSION = YES;
				GCC_WARN_ABOUT_RETURN_TYPE = YES_ERROR;
				GCC_WARN_UNDECLARED_SELECTOR = YES;
				GCC_WARN_UNINITIALIZED_AUTOS = YES_AGGRESSIVE;
				GCC_WARN_UNUSED_FUNCTION = YES;
				GCC_WARN_UNUSED_VARIABLE = YES;
				IPHONEOS_DEPLOYMENT_TARGET = 16.4;
				MTL_ENABLE_DEBUG_INFO = INCLUDE_SOURCE;
				MTL_FAST_MATH = YES;
				ONLY_ACTIVE_ARCH = YES;
				SDKROOT = iphoneos;
				SWIFT_ACTIVE_COMPILATION_CONDITIONS = DEBUG;
				SWIFT_OPTIMIZATION_LEVEL = "-Onone";
			};
			name = Debug;
		};
		634CF7182A49F29300FBF4D4 /* Release */ = {
			isa = XCBuildConfiguration;
			buildSettings = {
				ALWAYS_SEARCH_USER_PATHS = NO;
				CLANG_ANALYZER_NONNULL = YES;
				CLANG_ANALYZER_NUMBER_OBJECT_CONVERSION = YES_AGGRESSIVE;
				CLANG_CXX_LANGUAGE_STANDARD = "gnu++20";
				CLANG_ENABLE_MODULES = YES;
				CLANG_ENABLE_OBJC_ARC = YES;
				CLANG_ENABLE_OBJC_WEAK = YES;
				CLANG_WARN_BLOCK_CAPTURE_AUTORELEASING = YES;
				CLANG_WARN_BOOL_CONVERSION = YES;
				CLANG_WARN_COMMA = YES;
				CLANG_WARN_CONSTANT_CONVERSION = YES;
				CLANG_WARN_DEPRECATED_OBJC_IMPLEMENTATIONS = YES;
				CLANG_WARN_DIRECT_OBJC_ISA_USAGE = YES_ERROR;
				CLANG_WARN_DOCUMENTATION_COMMENTS = YES;
				CLANG_WARN_EMPTY_BODY = YES;
				CLANG_WARN_ENUM_CONVERSION = YES;
				CLANG_WARN_INFINITE_RECURSION = YES;
				CLANG_WARN_INT_CONVERSION = YES;
				CLANG_WARN_NON_LITERAL_NULL_CONVERSION = YES;
				CLANG_WARN_OBJC_IMPLICIT_RETAIN_SELF = YES;
				CLANG_WARN_OBJC_LITERAL_CONVERSION = YES;
				CLANG_WARN_OBJC_ROOT_CLASS = YES_ERROR;
				CLANG_WARN_QUOTED_INCLUDE_IN_FRAMEWORK_HEADER = YES;
				CLANG_WARN_RANGE_LOOP_ANALYSIS = YES;
				CLANG_WARN_STRICT_PROTOTYPES = YES;
				CLANG_WARN_SUSPICIOUS_MOVE = YES;
				CLANG_WARN_UNGUARDED_AVAILABILITY = YES_AGGRESSIVE;
				CLANG_WARN_UNREACHABLE_CODE = YES;
				CLANG_WARN__DUPLICATE_METHOD_MATCH = YES;
				COPY_PHASE_STRIP = NO;
				DEBUG_INFORMATION_FORMAT = "dwarf-with-dsym";
				ENABLE_NS_ASSERTIONS = NO;
				ENABLE_STRICT_OBJC_MSGSEND = YES;
				GCC_C_LANGUAGE_STANDARD = gnu11;
				GCC_NO_COMMON_BLOCKS = YES;
				GCC_WARN_64_TO_32_BIT_CONVERSION = YES;
				GCC_WARN_ABOUT_RETURN_TYPE = YES_ERROR;
				GCC_WARN_UNDECLARED_SELECTOR = YES;
				GCC_WARN_UNINITIALIZED_AUTOS = YES_AGGRESSIVE;
				GCC_WARN_UNUSED_FUNCTION = YES;
				GCC_WARN_UNUSED_VARIABLE = YES;
				IPHONEOS_DEPLOYMENT_TARGET = 16.4;
				MTL_ENABLE_DEBUG_INFO = NO;
				MTL_FAST_MATH = YES;
				SDKROOT = iphoneos;
				SWIFT_COMPILATION_MODE = wholemodule;
				SWIFT_OPTIMIZATION_LEVEL = "-O";
				VALIDATE_PRODUCT = YES;
			};
			name = Release;
		};
		634CF71A2A49F29300FBF4D4 /* Debug */ = {
			isa = XCBuildConfiguration;
			buildSettings = {
				ASSETCATALOG_COMPILER_APPICON_NAME = AppIcon;
				ASSETCATALOG_COMPILER_GLOBAL_ACCENT_COLOR_NAME = AccentColor;
				CODE_SIGN_STYLE = Automatic;
				CURRENT_PROJECT_VERSION = 1;
				DEVELOPMENT_ASSET_PATHS = "\"DermaGuard/Preview Content\"";
				DEVELOPMENT_TEAM = JU8CW7J595;
				ENABLE_PREVIEWS = YES;
				GENERATE_INFOPLIST_FILE = YES;
				INFOPLIST_FILE = DermaGuard/Info.plist;
				INFOPLIST_KEY_NSCameraUsageDescription = "$(TESTING_AN_APP)";
				INFOPLIST_KEY_UIApplicationSceneManifest_Generation = YES;
				INFOPLIST_KEY_UIApplicationSupportsIndirectInputEvents = YES;
				INFOPLIST_KEY_UILaunchScreen_Generation = YES;
				INFOPLIST_KEY_UISupportedInterfaceOrientations_iPad = "UIInterfaceOrientationPortrait UIInterfaceOrientationPortraitUpsideDown UIInterfaceOrientationLandscapeLeft UIInterfaceOrientationLandscapeRight";
				INFOPLIST_KEY_UISupportedInterfaceOrientations_iPhone = "UIInterfaceOrientationPortrait UIInterfaceOrientationLandscapeLeft UIInterfaceOrientationLandscapeRight";
				LD_RUNPATH_SEARCH_PATHS = (
					"$(inherited)",
					"@executable_path/Frameworks",
				);
				MARKETING_VERSION = 1.0;
				PRODUCT_BUNDLE_IDENTIFIER = cpp.DermaGuard;
				PRODUCT_NAME = "$(TARGET_NAME)";
				SWIFT_EMIT_LOC_STRINGS = YES;
				SWIFT_VERSION = 5.0;
				TARGETED_DEVICE_FAMILY = "1,2";
			};
			name = Debug;
		};
		634CF71B2A49F29300FBF4D4 /* Release */ = {
			isa = XCBuildConfiguration;
			buildSettings = {
				ASSETCATALOG_COMPILER_APPICON_NAME = AppIcon;
				ASSETCATALOG_COMPILER_GLOBAL_ACCENT_COLOR_NAME = AccentColor;
				CODE_SIGN_STYLE = Automatic;
				CURRENT_PROJECT_VERSION = 1;
				DEVELOPMENT_ASSET_PATHS = "\"DermaGuard/Preview Content\"";
				DEVELOPMENT_TEAM = JU8CW7J595;
				ENABLE_PREVIEWS = YES;
				GENERATE_INFOPLIST_FILE = YES;
				INFOPLIST_FILE = DermaGuard/Info.plist;
				INFOPLIST_KEY_NSCameraUsageDescription = "$(TESTING_AN_APP)";
				INFOPLIST_KEY_UIApplicationSceneManifest_Generation = YES;
				INFOPLIST_KEY_UIApplicationSupportsIndirectInputEvents = YES;
				INFOPLIST_KEY_UILaunchScreen_Generation = YES;
				INFOPLIST_KEY_UISupportedInterfaceOrientations_iPad = "UIInterfaceOrientationPortrait UIInterfaceOrientationPortraitUpsideDown UIInterfaceOrientationLandscapeLeft UIInterfaceOrientationLandscapeRight";
				INFOPLIST_KEY_UISupportedInterfaceOrientations_iPhone = "UIInterfaceOrientationPortrait UIInterfaceOrientationLandscapeLeft UIInterfaceOrientationLandscapeRight";
				LD_RUNPATH_SEARCH_PATHS = (
					"$(inherited)",
					"@executable_path/Frameworks",
				);
				MARKETING_VERSION = 1.0;
				PRODUCT_BUNDLE_IDENTIFIER = cpp.DermaGuard;
				PRODUCT_NAME = "$(TARGET_NAME)";
				SWIFT_EMIT_LOC_STRINGS = YES;
				SWIFT_VERSION = 5.0;
				TARGETED_DEVICE_FAMILY = "1,2";
			};
			name = Release;
		};
		634CF71D2A49F29300FBF4D4 /* Debug */ = {
			isa = XCBuildConfiguration;
			buildSettings = {
				ALWAYS_EMBED_SWIFT_STANDARD_LIBRARIES = YES;
				BUNDLE_LOADER = "$(TEST_HOST)";
				CODE_SIGN_STYLE = Automatic;
				CURRENT_PROJECT_VERSION = 1;
				DEVELOPMENT_TEAM = JU8CW7J595;
				GENERATE_INFOPLIST_FILE = YES;
				IPHONEOS_DEPLOYMENT_TARGET = 16.4;
				MARKETING_VERSION = 1.0;
				PRODUCT_BUNDLE_IDENTIFIER = cpp.DermaGuardTests;
				PRODUCT_NAME = "$(TARGET_NAME)";
				SWIFT_EMIT_LOC_STRINGS = NO;
				SWIFT_VERSION = 5.0;
				TARGETED_DEVICE_FAMILY = "1,2";
				TEST_HOST = "$(BUILT_PRODUCTS_DIR)/DermaGuard.app/$(BUNDLE_EXECUTABLE_FOLDER_PATH)/DermaGuard";
			};
			name = Debug;
		};
		634CF71E2A49F29300FBF4D4 /* Release */ = {
			isa = XCBuildConfiguration;
			buildSettings = {
				ALWAYS_EMBED_SWIFT_STANDARD_LIBRARIES = YES;
				BUNDLE_LOADER = "$(TEST_HOST)";
				CODE_SIGN_STYLE = Automatic;
				CURRENT_PROJECT_VERSION = 1;
				DEVELOPMENT_TEAM = JU8CW7J595;
				GENERATE_INFOPLIST_FILE = YES;
				IPHONEOS_DEPLOYMENT_TARGET = 16.4;
				MARKETING_VERSION = 1.0;
				PRODUCT_BUNDLE_IDENTIFIER = cpp.DermaGuardTests;
				PRODUCT_NAME = "$(TARGET_NAME)";
				SWIFT_EMIT_LOC_STRINGS = NO;
				SWIFT_VERSION = 5.0;
				TARGETED_DEVICE_FAMILY = "1,2";
				TEST_HOST = "$(BUILT_PRODUCTS_DIR)/DermaGuard.app/$(BUNDLE_EXECUTABLE_FOLDER_PATH)/DermaGuard";
			};
			name = Release;
		};
		634CF7202A49F29300FBF4D4 /* Debug */ = {
			isa = XCBuildConfiguration;
			buildSettings = {
				ALWAYS_EMBED_SWIFT_STANDARD_LIBRARIES = YES;
				CODE_SIGN_STYLE = Automatic;
				CURRENT_PROJECT_VERSION = 1;
				DEVELOPMENT_TEAM = JU8CW7J595;
				GENERATE_INFOPLIST_FILE = YES;
				MARKETING_VERSION = 1.0;
				PRODUCT_BUNDLE_IDENTIFIER = cpp.DermaGuardUITests;
				PRODUCT_NAME = "$(TARGET_NAME)";
				SWIFT_EMIT_LOC_STRINGS = NO;
				SWIFT_VERSION = 5.0;
				TARGETED_DEVICE_FAMILY = "1,2";
				TEST_TARGET_NAME = DermaGuard;
			};
			name = Debug;
		};
		634CF7212A49F29300FBF4D4 /* Release */ = {
			isa = XCBuildConfiguration;
			buildSettings = {
				ALWAYS_EMBED_SWIFT_STANDARD_LIBRARIES = YES;
				CODE_SIGN_STYLE = Automatic;
				CURRENT_PROJECT_VERSION = 1;
				DEVELOPMENT_TEAM = JU8CW7J595;
				GENERATE_INFOPLIST_FILE = YES;
				MARKETING_VERSION = 1.0;
				PRODUCT_BUNDLE_IDENTIFIER = cpp.DermaGuardUITests;
				PRODUCT_NAME = "$(TARGET_NAME)";
				SWIFT_EMIT_LOC_STRINGS = NO;
				SWIFT_VERSION = 5.0;
				TARGETED_DEVICE_FAMILY = "1,2";
				TEST_TARGET_NAME = DermaGuard;
			};
			name = Release;
		};
/* End XCBuildConfiguration section */

/* Begin XCConfigurationList section */
		634CF6F02A49F29100FBF4D4 /* Build configuration list for PBXProject "DermaGuard" */ = {
			isa = XCConfigurationList;
			buildConfigurations = (
				634CF7172A49F29300FBF4D4 /* Debug */,
				634CF7182A49F29300FBF4D4 /* Release */,
			);
			defaultConfigurationIsVisible = 0;
			defaultConfigurationName = Release;
		};
		634CF7192A49F29300FBF4D4 /* Build configuration list for PBXNativeTarget "DermaGuard" */ = {
			isa = XCConfigurationList;
			buildConfigurations = (
				634CF71A2A49F29300FBF4D4 /* Debug */,
				634CF71B2A49F29300FBF4D4 /* Release */,
			);
			defaultConfigurationIsVisible = 0;
			defaultConfigurationName = Release;
		};
		634CF71C2A49F29300FBF4D4 /* Build configuration list for PBXNativeTarget "DermaGuardTests" */ = {
			isa = XCConfigurationList;
			buildConfigurations = (
				634CF71D2A49F29300FBF4D4 /* Debug */,
				634CF71E2A49F29300FBF4D4 /* Release */,
			);
			defaultConfigurationIsVisible = 0;
			defaultConfigurationName = Release;
		};
		634CF71F2A49F29300FBF4D4 /* Build configuration list for PBXNativeTarget "DermaGuardUITests" */ = {
			isa = XCConfigurationList;
			buildConfigurations = (
				634CF7202A49F29300FBF4D4 /* Debug */,
				634CF7212A49F29300FBF4D4 /* Release */,
			);
			defaultConfigurationIsVisible = 0;
			defaultConfigurationName = Release;
		};
/* End XCConfigurationList section */

/* Begin XCRemoteSwiftPackageReference section */
		634CF7242A49F31000FBF4D4 /* XCRemoteSwiftPackageReference "PythonKit" */ = {
			isa = XCRemoteSwiftPackageReference;
			repositoryURL = "https://github.com/pvieito/PythonKit";
			requirement = {
				branch = master;
				kind = branch;
			};
		};
/* End XCRemoteSwiftPackageReference section */

/* Begin XCSwiftPackageProductDependency section */
		634CF7252A49F31000FBF4D4 /* PythonKit */ = {
			isa = XCSwiftPackageProductDependency;
			package = 634CF7242A49F31000FBF4D4 /* XCRemoteSwiftPackageReference "PythonKit" */;
			productName = PythonKit;
		};
/* End XCSwiftPackageProductDependency section */
	};
	rootObject = 634CF6ED2A49F29100FBF4D4 /* Project object */;
}
